// !$*UTF8*$!
{
	archiveVersion = 1;
	classes = {
	};
	objectVersion = 55;
	objects = {

/* Begin PBXBuildFile section */
		1F596C5628F84795003EFADD /* CustomSearchController in Frameworks */ = {isa = PBXBuildFile; productRef = 1F596C5528F84795003EFADD /* CustomSearchController */; };
		1F70F92728F81BAB0075F457 /* AppDelegate.swift in Sources */ = {isa = PBXBuildFile; fileRef = 1F70F92628F81BAB0075F457 /* AppDelegate.swift */; };
		1F70F92928F81BAB0075F457 /* SceneDelegate.swift in Sources */ = {isa = PBXBuildFile; fileRef = 1F70F92828F81BAB0075F457 /* SceneDelegate.swift */; };
		1F70F92B28F81BAB0075F457 /* ViewController.swift in Sources */ = {isa = PBXBuildFile; fileRef = 1F70F92A28F81BAB0075F457 /* ViewController.swift */; };
		1F70F92E28F81BAB0075F457 /* Main.storyboard in Resources */ = {isa = PBXBuildFile; fileRef = 1F70F92C28F81BAB0075F457 /* Main.storyboard */; };
		1F70F93028F81BAD0075F457 /* Assets.xcassets in Resources */ = {isa = PBXBuildFile; fileRef = 1F70F92F28F81BAD0075F457 /* Assets.xcassets */; };
		1F70F93328F81BAD0075F457 /* LaunchScreen.storyboard in Resources */ = {isa = PBXBuildFile; fileRef = 1F70F93128F81BAD0075F457 /* LaunchScreen.storyboard */; };
		1F70F93E28F81BAD0075F457 /* CustomSearchControllerDemoTests.swift in Sources */ = {isa = PBXBuildFile; fileRef = 1F70F93D28F81BAD0075F457 /* CustomSearchControllerDemoTests.swift */; };
		1F70F94828F81BAD0075F457 /* CustomSearchControllerDemoUITests.swift in Sources */ = {isa = PBXBuildFile; fileRef = 1F70F94728F81BAD0075F457 /* CustomSearchControllerDemoUITests.swift */; };
		1F70F94A28F81BAD0075F457 /* CustomSearchControllerDemoUITestsLaunchTests.swift in Sources */ = {isa = PBXBuildFile; fileRef = 1F70F94928F81BAD0075F457 /* CustomSearchControllerDemoUITestsLaunchTests.swift */; };
		1FECA5672903093F00DDF1EC /* TableViewCell.swift in Sources */ = {isa = PBXBuildFile; fileRef = 1FECA5662903093F00DDF1EC /* TableViewCell.swift */; };
		1FECA56929030C4200DDF1EC /* Movies.swift in Sources */ = {isa = PBXBuildFile; fileRef = 1FECA56829030C4200DDF1EC /* Movies.swift */; };
/* End PBXBuildFile section */

/* Begin PBXContainerItemProxy section */
		1F70F93A28F81BAD0075F457 /* PBXContainerItemProxy */ = {
			isa = PBXContainerItemProxy;
			containerPortal = 1F70F91B28F81BAB0075F457 /* Project object */;
			proxyType = 1;
			remoteGlobalIDString = 1F70F92228F81BAB0075F457;
			remoteInfo = CustomSearchControllerDemo;
		};
		1F70F94428F81BAD0075F457 /* PBXContainerItemProxy */ = {
			isa = PBXContainerItemProxy;
			containerPortal = 1F70F91B28F81BAB0075F457 /* Project object */;
			proxyType = 1;
			remoteGlobalIDString = 1F70F92228F81BAB0075F457;
			remoteInfo = CustomSearchControllerDemo;
		};
/* End PBXContainerItemProxy section */

/* Begin PBXFileReference section */
		1F70F92328F81BAB0075F457 /* CustomSearchControllerDemo.app */ = {isa = PBXFileReference; explicitFileType = wrapper.application; includeInIndex = 0; path = CustomSearchControllerDemo.app; sourceTree = BUILT_PRODUCTS_DIR; };
		1F70F92628F81BAB0075F457 /* AppDelegate.swift */ = {isa = PBXFileReference; lastKnownFileType = sourcecode.swift; path = AppDelegate.swift; sourceTree = "<group>"; };
		1F70F92828F81BAB0075F457 /* SceneDelegate.swift */ = {isa = PBXFileReference; lastKnownFileType = sourcecode.swift; path = SceneDelegate.swift; sourceTree = "<group>"; };
		1F70F92A28F81BAB0075F457 /* ViewController.swift */ = {isa = PBXFileReference; lastKnownFileType = sourcecode.swift; path = ViewController.swift; sourceTree = "<group>"; };
		1F70F92D28F81BAB0075F457 /* Base */ = {isa = PBXFileReference; lastKnownFileType = file.storyboard; name = Base; path = Base.lproj/Main.storyboard; sourceTree = "<group>"; };
		1F70F92F28F81BAD0075F457 /* Assets.xcassets */ = {isa = PBXFileReference; lastKnownFileType = folder.assetcatalog; path = Assets.xcassets; sourceTree = "<group>"; };
		1F70F93228F81BAD0075F457 /* Base */ = {isa = PBXFileReference; lastKnownFileType = file.storyboard; name = Base; path = Base.lproj/LaunchScreen.storyboard; sourceTree = "<group>"; };
		1F70F93428F81BAD0075F457 /* Info.plist */ = {isa = PBXFileReference; lastKnownFileType = text.plist.xml; path = Info.plist; sourceTree = "<group>"; };
		1F70F93928F81BAD0075F457 /* CustomSearchControllerDemoTests.xctest */ = {isa = PBXFileReference; explicitFileType = wrapper.cfbundle; includeInIndex = 0; path = CustomSearchControllerDemoTests.xctest; sourceTree = BUILT_PRODUCTS_DIR; };
		1F70F93D28F81BAD0075F457 /* CustomSearchControllerDemoTests.swift */ = {isa = PBXFileReference; lastKnownFileType = sourcecode.swift; path = CustomSearchControllerDemoTests.swift; sourceTree = "<group>"; };
		1F70F94328F81BAD0075F457 /* CustomSearchControllerDemoUITests.xctest */ = {isa = PBXFileReference; explicitFileType = wrapper.cfbundle; includeInIndex = 0; path = CustomSearchControllerDemoUITests.xctest; sourceTree = BUILT_PRODUCTS_DIR; };
		1F70F94728F81BAD0075F457 /* CustomSearchControllerDemoUITests.swift */ = {isa = PBXFileReference; lastKnownFileType = sourcecode.swift; path = CustomSearchControllerDemoUITests.swift; sourceTree = "<group>"; };
		1F70F94928F81BAD0075F457 /* CustomSearchControllerDemoUITestsLaunchTests.swift */ = {isa = PBXFileReference; lastKnownFileType = sourcecode.swift; path = CustomSearchControllerDemoUITestsLaunchTests.swift; sourceTree = "<group>"; };
		1FECA5662903093F00DDF1EC /* TableViewCell.swift */ = {isa = PBXFileReference; lastKnownFileType = sourcecode.swift; path = TableViewCell.swift; sourceTree = "<group>"; };
		1FECA56829030C4200DDF1EC /* Movies.swift */ = {isa = PBXFileReference; lastKnownFileType = sourcecode.swift; path = Movies.swift; sourceTree = "<group>"; };
/* End PBXFileReference section */

/* Begin PBXFrameworksBuildPhase section */
		1F70F92028F81BAB0075F457 /* Frameworks */ = {
			isa = PBXFrameworksBuildPhase;
			buildActionMask = 2147483647;
			files = (
				1F596C5628F84795003EFADD /* CustomSearchController in Frameworks */,
			);
			runOnlyForDeploymentPostprocessing = 0;
		};
		1F70F93628F81BAD0075F457 /* Frameworks */ = {
			isa = PBXFrameworksBuildPhase;
			buildActionMask = 2147483647;
			files = (
			);
			runOnlyForDeploymentPostprocessing = 0;
		};
		1F70F94028F81BAD0075F457 /* Frameworks */ = {
			isa = PBXFrameworksBuildPhase;
			buildActionMask = 2147483647;
			files = (
			);
			runOnlyForDeploymentPostprocessing = 0;
		};
/* End PBXFrameworksBuildPhase section */

/* Begin PBXGroup section */
		1F70F91A28F81BAB0075F457 = {
			isa = PBXGroup;
			children = (
				1F70F92528F81BAB0075F457 /* CustomSearchControllerDemo */,
				1F70F93C28F81BAD0075F457 /* CustomSearchControllerDemoTests */,
				1F70F94628F81BAD0075F457 /* CustomSearchControllerDemoUITests */,
				1F70F92428F81BAB0075F457 /* Products */,
			);
			sourceTree = "<group>";
		};
		1F70F92428F81BAB0075F457 /* Products */ = {
			isa = PBXGroup;
			children = (
				1F70F92328F81BAB0075F457 /* CustomSearchControllerDemo.app */,
				1F70F93928F81BAD0075F457 /* CustomSearchControllerDemoTests.xctest */,
				1F70F94328F81BAD0075F457 /* CustomSearchControllerDemoUITests.xctest */,
			);
			name = Products;
			sourceTree = "<group>";
		};
		1F70F92528F81BAB0075F457 /* CustomSearchControllerDemo */ = {
			isa = PBXGroup;
			children = (
				1F70F92628F81BAB0075F457 /* AppDelegate.swift */,
				1F70F92828F81BAB0075F457 /* SceneDelegate.swift */,
				1F70F92A28F81BAB0075F457 /* ViewController.swift */,
				1FECA5662903093F00DDF1EC /* TableViewCell.swift */,
				1FECA56829030C4200DDF1EC /* Movies.swift */,
				1F70F92C28F81BAB0075F457 /* Main.storyboard */,
				1F70F92F28F81BAD0075F457 /* Assets.xcassets */,
				1F70F93128F81BAD0075F457 /* LaunchScreen.storyboard */,
				1F70F93428F81BAD0075F457 /* Info.plist */,
			);
			path = CustomSearchControllerDemo;
			sourceTree = "<group>";
		};
		1F70F93C28F81BAD0075F457 /* CustomSearchControllerDemoTests */ = {
			isa = PBXGroup;
			children = (
				1F70F93D28F81BAD0075F457 /* CustomSearchControllerDemoTests.swift */,
			);
			path = CustomSearchControllerDemoTests;
			sourceTree = "<group>";
		};
		1F70F94628F81BAD0075F457 /* CustomSearchControllerDemoUITests */ = {
			isa = PBXGroup;
			children = (
				1F70F94728F81BAD0075F457 /* CustomSearchControllerDemoUITests.swift */,
				1F70F94928F81BAD0075F457 /* CustomSearchControllerDemoUITestsLaunchTests.swift */,
			);
			path = CustomSearchControllerDemoUITests;
			sourceTree = "<group>";
		};
/* End PBXGroup section */

/* Begin PBXNativeTarget section */
		1F70F92228F81BAB0075F457 /* CustomSearchControllerDemo */ = {
			isa = PBXNativeTarget;
			buildConfigurationList = 1F70F94D28F81BAD0075F457 /* Build configuration list for PBXNativeTarget "CustomSearchControllerDemo" */;
			buildPhases = (
				1F70F91F28F81BAB0075F457 /* Sources */,
				1F70F92028F81BAB0075F457 /* Frameworks */,
				1F70F92128F81BAB0075F457 /* Resources */,
			);
			buildRules = (
			);
			dependencies = (
			);
			name = CustomSearchControllerDemo;
			packageProductDependencies = (
				1F596C5528F84795003EFADD /* CustomSearchController */,
			);
			productName = CustomSearchControllerDemo;
			productReference = 1F70F92328F81BAB0075F457 /* CustomSearchControllerDemo.app */;
			productType = "com.apple.product-type.application";
		};
		1F70F93828F81BAD0075F457 /* CustomSearchControllerDemoTests */ = {
			isa = PBXNativeTarget;
			buildConfigurationList = 1F70F95028F81BAD0075F457 /* Build configuration list for PBXNativeTarget "CustomSearchControllerDemoTests" */;
			buildPhases = (
				1F70F93528F81BAD0075F457 /* Sources */,
				1F70F93628F81BAD0075F457 /* Frameworks */,
				1F70F93728F81BAD0075F457 /* Resources */,
			);
			buildRules = (
			);
			dependencies = (
				1F70F93B28F81BAD0075F457 /* PBXTargetDependency */,
			);
			name = CustomSearchControllerDemoTests;
			productName = CustomSearchControllerDemoTests;
			productReference = 1F70F93928F81BAD0075F457 /* CustomSearchControllerDemoTests.xctest */;
			productType = "com.apple.product-type.bundle.unit-test";
		};
		1F70F94228F81BAD0075F457 /* CustomSearchControllerDemoUITests */ = {
			isa = PBXNativeTarget;
			buildConfigurationList = 1F70F95328F81BAD0075F457 /* Build configuration list for PBXNativeTarget "CustomSearchControllerDemoUITests" */;
			buildPhases = (
				1F70F93F28F81BAD0075F457 /* Sources */,
				1F70F94028F81BAD0075F457 /* Frameworks */,
				1F70F94128F81BAD0075F457 /* Resources */,
			);
			buildRules = (
			);
			dependencies = (
				1F70F94528F81BAD0075F457 /* PBXTargetDependency */,
			);
			name = CustomSearchControllerDemoUITests;
			productName = CustomSearchControllerDemoUITests;
			productReference = 1F70F94328F81BAD0075F457 /* CustomSearchControllerDemoUITests.xctest */;
			productType = "com.apple.product-type.bundle.ui-testing";
		};
/* End PBXNativeTarget section */

/* Begin PBXProject section */
		1F70F91B28F81BAB0075F457 /* Project object */ = {
			isa = PBXProject;
			attributes = {
				BuildIndependentTargetsInParallel = 1;
				LastSwiftUpdateCheck = 1340;
				LastUpgradeCheck = 1340;
				TargetAttributes = {
					1F70F92228F81BAB0075F457 = {
						CreatedOnToolsVersion = 13.4;
					};
					1F70F93828F81BAD0075F457 = {
						CreatedOnToolsVersion = 13.4;
						TestTargetID = 1F70F92228F81BAB0075F457;
					};
					1F70F94228F81BAD0075F457 = {
						CreatedOnToolsVersion = 13.4;
						TestTargetID = 1F70F92228F81BAB0075F457;
					};
				};
			};
			buildConfigurationList = 1F70F91E28F81BAB0075F457 /* Build configuration list for PBXProject "CustomSearchControllerDemo" */;
			compatibilityVersion = "Xcode 13.0";
			developmentRegion = en;
			hasScannedForEncodings = 0;
			knownRegions = (
				en,
				Base,
			);
			mainGroup = 1F70F91A28F81BAB0075F457;
			packageReferences = (
				1F596C5428F84795003EFADD /* XCRemoteSwiftPackageReference "CustomSearchController" */,
			);
			productRefGroup = 1F70F92428F81BAB0075F457 /* Products */;
			projectDirPath = "";
			projectRoot = "";
			targets = (
				1F70F92228F81BAB0075F457 /* CustomSearchControllerDemo */,
				1F70F93828F81BAD0075F457 /* CustomSearchControllerDemoTests */,
				1F70F94228F81BAD0075F457 /* CustomSearchControllerDemoUITests */,
			);
		};
/* End PBXProject section */

/* Begin PBXResourcesBuildPhase section */
		1F70F92128F81BAB0075F457 /* Resources */ = {
			isa = PBXResourcesBuildPhase;
			buildActionMask = 2147483647;
			files = (
				1F70F93328F81BAD0075F457 /* LaunchScreen.storyboard in Resources */,
				1F70F93028F81BAD0075F457 /* Assets.xcassets in Resources */,
				1F70F92E28F81BAB0075F457 /* Main.storyboard in Resources */,
			);
			runOnlyForDeploymentPostprocessing = 0;
		};
		1F70F93728F81BAD0075F457 /* Resources */ = {
			isa = PBXResourcesBuildPhase;
			buildActionMask = 2147483647;
			files = (
			);
			runOnlyForDeploymentPostprocessing = 0;
		};
		1F70F94128F81BAD0075F457 /* Resources */ = {
			isa = PBXResourcesBuildPhase;
			buildActionMask = 2147483647;
			files = (
			);
			runOnlyForDeploymentPostprocessing = 0;
		};
/* End PBXResourcesBuildPhase section */

/* Begin PBXSourcesBuildPhase section */
		1F70F91F28F81BAB0075F457 /* Sources */ = {
			isa = PBXSourcesBuildPhase;
			buildActionMask = 2147483647;
			files = (
				1FECA56929030C4200DDF1EC /* Movies.swift in Sources */,
				1F70F92B28F81BAB0075F457 /* ViewController.swift in Sources */,
				1FECA5672903093F00DDF1EC /* TableViewCell.swift in Sources */,
				1F70F92728F81BAB0075F457 /* AppDelegate.swift in Sources */,
				1F70F92928F81BAB0075F457 /* SceneDelegate.swift in Sources */,
			);
			runOnlyForDeploymentPostprocessing = 0;
		};
		1F70F93528F81BAD0075F457 /* Sources */ = {
			isa = PBXSourcesBuildPhase;
			buildActionMask = 2147483647;
			files = (
				1F70F93E28F81BAD0075F457 /* CustomSearchControllerDemoTests.swift in Sources */,
			);
			runOnlyForDeploymentPostprocessing = 0;
		};
		1F70F93F28F81BAD0075F457 /* Sources */ = {
			isa = PBXSourcesBuildPhase;
			buildActionMask = 2147483647;
			files = (
				1F70F94A28F81BAD0075F457 /* CustomSearchControllerDemoUITestsLaunchTests.swift in Sources */,
				1F70F94828F81BAD0075F457 /* CustomSearchControllerDemoUITests.swift in Sources */,
			);
			runOnlyForDeploymentPostprocessing = 0;
		};
/* End PBXSourcesBuildPhase section */

/* Begin PBXTargetDependency section */
		1F70F93B28F81BAD0075F457 /* PBXTargetDependency */ = {
			isa = PBXTargetDependency;
			target = 1F70F92228F81BAB0075F457 /* CustomSearchControllerDemo */;
			targetProxy = 1F70F93A28F81BAD0075F457 /* PBXContainerItemProxy */;
		};
		1F70F94528F81BAD0075F457 /* PBXTargetDependency */ = {
			isa = PBXTargetDependency;
			target = 1F70F92228F81BAB0075F457 /* CustomSearchControllerDemo */;
			targetProxy = 1F70F94428F81BAD0075F457 /* PBXContainerItemProxy */;
		};
/* End PBXTargetDependency section */

/* Begin PBXVariantGroup section */
		1F70F92C28F81BAB0075F457 /* Main.storyboard */ = {
			isa = PBXVariantGroup;
			children = (
				1F70F92D28F81BAB0075F457 /* Base */,
			);
			name = Main.storyboard;
			sourceTree = "<group>";
		};
		1F70F93128F81BAD0075F457 /* LaunchScreen.storyboard */ = {
			isa = PBXVariantGroup;
			children = (
				1F70F93228F81BAD0075F457 /* Base */,
			);
			name = LaunchScreen.storyboard;
			sourceTree = "<group>";
		};
/* End PBXVariantGroup section */

/* Begin XCBuildConfiguration section */
		1F70F94B28F81BAD0075F457 /* Debug */ = {
			isa = XCBuildConfiguration;
			buildSettings = {
				ALWAYS_SEARCH_USER_PATHS = NO;
				CLANG_ANALYZER_NONNULL = YES;
				CLANG_ANALYZER_NUMBER_OBJECT_CONVERSION = YES_AGGRESSIVE;
				CLANG_CXX_LANGUAGE_STANDARD = "gnu++17";
				CLANG_ENABLE_MODULES = YES;
				CLANG_ENABLE_OBJC_ARC = YES;
				CLANG_ENABLE_OBJC_WEAK = YES;
				CLANG_WARN_BLOCK_CAPTURE_AUTORELEASING = YES;
				CLANG_WARN_BOOL_CONVERSION = YES;
				CLANG_WARN_COMMA = YES;
				CLANG_WARN_CONSTANT_CONVERSION = YES;
				CLANG_WARN_DEPRECATED_OBJC_IMPLEMENTATIONS = YES;
				CLANG_WARN_DIRECT_OBJC_ISA_USAGE = YES_ERROR;
				CLANG_WARN_DOCUMENTATION_COMMENTS = YES;
				CLANG_WARN_EMPTY_BODY = YES;
				CLANG_WARN_ENUM_CONVERSION = YES;
				CLANG_WARN_INFINITE_RECURSION = YES;
				CLANG_WARN_INT_CONVERSION = YES;
				CLANG_WARN_NON_LITERAL_NULL_CONVERSION = YES;
				CLANG_WARN_OBJC_IMPLICIT_RETAIN_SELF = YES;
				CLANG_WARN_OBJC_LITERAL_CONVERSION = YES;
				CLANG_WARN_OBJC_ROOT_CLASS = YES_ERROR;
				CLANG_WARN_QUOTED_INCLUDE_IN_FRAMEWORK_HEADER = YES;
				CLANG_WARN_RANGE_LOOP_ANALYSIS = YES;
				CLANG_WARN_STRICT_PROTOTYPES = YES;
				CLANG_WARN_SUSPICIOUS_MOVE = YES;
				CLANG_WARN_UNGUARDED_AVAILABILITY = YES_AGGRESSIVE;
				CLANG_WARN_UNREACHABLE_CODE = YES;
				CLANG_WARN__DUPLICATE_METHOD_MATCH = YES;
				COPY_PHASE_STRIP = NO;
				DEBUG_INFORMATION_FORMAT = dwarf;
				ENABLE_STRICT_OBJC_MSGSEND = YES;
				ENABLE_TESTABILITY = YES;
				GCC_C_LANGUAGE_STANDARD = gnu11;
				GCC_DYNAMIC_NO_PIC = NO;
				GCC_NO_COMMON_BLOCKS = YES;
				GCC_OPTIMIZATION_LEVEL = 0;
				GCC_PREPROCESSOR_DEFINITIONS = (
					"DEBUG=1",
					"$(inherited)",
				);
				GCC_WARN_64_TO_32_BIT_CONVERSION = YES;
				GCC_WARN_ABOUT_RETURN_TYPE = YES_ERROR;
				GCC_WARN_UNDECLARED_SELECTOR = YES;
				GCC_WARN_UNINITIALIZED_AUTOS = YES_AGGRESSIVE;
				GCC_WARN_UNUSED_FUNCTION = YES;
				GCC_WARN_UNUSED_VARIABLE = YES;
				IPHONEOS_DEPLOYMENT_TARGET = 15.5;
				MTL_ENABLE_DEBUG_INFO = INCLUDE_SOURCE;
				MTL_FAST_MATH = YES;
				ONLY_ACTIVE_ARCH = YES;
				SDKROOT = iphoneos;
				SWIFT_ACTIVE_COMPILATION_CONDITIONS = DEBUG;
				SWIFT_OPTIMIZATION_LEVEL = "-Onone";
			};
			name = Debug;
		};
		1F70F94C28F81BAD0075F457 /* Release */ = {
			isa = XCBuildConfiguration;
			buildSettings = {
				ALWAYS_SEARCH_USER_PATHS = NO;
				CLANG_ANALYZER_NONNULL = YES;
				CLANG_ANALYZER_NUMBER_OBJECT_CONVERSION = YES_AGGRESSIVE;
				CLANG_CXX_LANGUAGE_STANDARD = "gnu++17";
				CLANG_ENABLE_MODULES = YES;
				CLANG_ENABLE_OBJC_ARC = YES;
				CLANG_ENABLE_OBJC_WEAK = YES;
				CLANG_WARN_BLOCK_CAPTURE_AUTORELEASING = YES;
				CLANG_WARN_BOOL_CONVERSION = YES;
				CLANG_WARN_COMMA = YES;
				CLANG_WARN_CONSTANT_CONVERSION = YES;
				CLANG_WARN_DEPRECATED_OBJC_IMPLEMENTATIONS = YES;
				CLANG_WARN_DIRECT_OBJC_ISA_USAGE = YES_ERROR;
				CLANG_WARN_DOCUMENTATION_COMMENTS = YES;
				CLANG_WARN_EMPTY_BODY = YES;
				CLANG_WARN_ENUM_CONVERSION = YES;
				CLANG_WARN_INFINITE_RECURSION = YES;
				CLANG_WARN_INT_CONVERSION = YES;
				CLANG_WARN_NON_LITERAL_NULL_CONVERSION = YES;
				CLANG_WARN_OBJC_IMPLICIT_RETAIN_SELF = YES;
				CLANG_WARN_OBJC_LITERAL_CONVERSION = YES;
				CLANG_WARN_OBJC_ROOT_CLASS = YES_ERROR;
				CLANG_WARN_QUOTED_INCLUDE_IN_FRAMEWORK_HEADER = YES;
				CLANG_WARN_RANGE_LOOP_ANALYSIS = YES;
				CLANG_WARN_STRICT_PROTOTYPES = YES;
				CLANG_WARN_SUSPICIOUS_MOVE = YES;
				CLANG_WARN_UNGUARDED_AVAILABILITY = YES_AGGRESSIVE;
				CLANG_WARN_UNREACHABLE_CODE = YES;
				CLANG_WARN__DUPLICATE_METHOD_MATCH = YES;
				COPY_PHASE_STRIP = NO;
				DEBUG_INFORMATION_FORMAT = "dwarf-with-dsym";
				ENABLE_NS_ASSERTIONS = NO;
				ENABLE_STRICT_OBJC_MSGSEND = YES;
				GCC_C_LANGUAGE_STANDARD = gnu11;
				GCC_NO_COMMON_BLOCKS = YES;
				GCC_WARN_64_TO_32_BIT_CONVERSION = YES;
				GCC_WARN_ABOUT_RETURN_TYPE = YES_ERROR;
				GCC_WARN_UNDECLARED_SELECTOR = YES;
				GCC_WARN_UNINITIALIZED_AUTOS = YES_AGGRESSIVE;
				GCC_WARN_UNUSED_FUNCTION = YES;
				GCC_WARN_UNUSED_VARIABLE = YES;
				IPHONEOS_DEPLOYMENT_TARGET = 15.5;
				MTL_ENABLE_DEBUG_INFO = NO;
				MTL_FAST_MATH = YES;
				SDKROOT = iphoneos;
				SWIFT_COMPILATION_MODE = wholemodule;
				SWIFT_OPTIMIZATION_LEVEL = "-O";
				VALIDATE_PRODUCT = YES;
			};
			name = Release;
		};
		1F70F94E28F81BAD0075F457 /* Debug */ = {
			isa = XCBuildConfiguration;
			buildSettings = {
				ASSETCATALOG_COMPILER_APPICON_NAME = AppIcon;
				ASSETCATALOG_COMPILER_GLOBAL_ACCENT_COLOR_NAME = AccentColor;
				CODE_SIGN_STYLE = Automatic;
				CURRENT_PROJECT_VERSION = 1;
				DEVELOPMENT_TEAM = DQ7E72Z52H;
				GENERATE_INFOPLIST_FILE = YES;
				INFOPLIST_FILE = CustomSearchControllerDemo/Info.plist;
				INFOPLIST_KEY_UIApplicationSupportsIndirectInputEvents = YES;
				INFOPLIST_KEY_UILaunchStoryboardName = LaunchScreen;
				INFOPLIST_KEY_UIMainStoryboardFile = Main;
				INFOPLIST_KEY_UISupportedInterfaceOrientations_iPad = "UIInterfaceOrientationPortrait UIInterfaceOrientationPortraitUpsideDown UIInterfaceOrientationLandscapeLeft UIInterfaceOrientationLandscapeRight";
				INFOPLIST_KEY_UISupportedInterfaceOrientations_iPhone = "UIInterfaceOrientationPortrait UIInterfaceOrientationLandscapeLeft UIInterfaceOrientationLandscapeRight";
				LD_RUNPATH_SEARCH_PATHS = (
					"$(inherited)",
					"@executable_path/Frameworks",
				);
				MARKETING_VERSION = 1.0;
				PRODUCT_BUNDLE_IDENTIFIER = Keval.CustomSearchControllerDemo;
				PRODUCT_NAME = "$(TARGET_NAME)";
				SWIFT_EMIT_LOC_STRINGS = YES;
				SWIFT_VERSION = 5.0;
				TARGETED_DEVICE_FAMILY = "1,2";
			};
			name = Debug;
		};
		1F70F94F28F81BAD0075F457 /* Release */ = {
			isa = XCBuildConfiguration;
			buildSettings = {
				ASSETCATALOG_COMPILER_APPICON_NAME = AppIcon;
				ASSETCATALOG_COMPILER_GLOBAL_ACCENT_COLOR_NAME = AccentColor;
				CODE_SIGN_STYLE = Automatic;
				CURRENT_PROJECT_VERSION = 1;
				DEVELOPMENT_TEAM = DQ7E72Z52H;
				GENERATE_INFOPLIST_FILE = YES;
				INFOPLIST_FILE = CustomSearchControllerDemo/Info.plist;
				INFOPLIST_KEY_UIApplicationSupportsIndirectInputEvents = YES;
				INFOPLIST_KEY_UILaunchStoryboardName = LaunchScreen;
				INFOPLIST_KEY_UIMainStoryboardFile = Main;
				INFOPLIST_KEY_UISupportedInterfaceOrientations_iPad = "UIInterfaceOrientationPortrait UIInterfaceOrientationPortraitUpsideDown UIInterfaceOrientationLandscapeLeft UIInterfaceOrientationLandscapeRight";
				INFOPLIST_KEY_UISupportedInterfaceOrientations_iPhone = "UIInterfaceOrientationPortrait UIInterfaceOrientationLandscapeLeft UIInterfaceOrientationLandscapeRight";
				LD_RUNPATH_SEARCH_PATHS = (
					"$(inherited)",
					"@executable_path/Frameworks",
				);
				MARKETING_VERSION = 1.0;
				PRODUCT_BUNDLE_IDENTIFIER = Keval.CustomSearchControllerDemo;
				PRODUCT_NAME = "$(TARGET_NAME)";
				SWIFT_EMIT_LOC_STRINGS = YES;
				SWIFT_VERSION = 5.0;
				TARGETED_DEVICE_FAMILY = "1,2";
			};
			name = Release;
		};
		1F70F95128F81BAD0075F457 /* Debug */ = {
			isa = XCBuildConfiguration;
			buildSettings = {
				ALWAYS_EMBED_SWIFT_STANDARD_LIBRARIES = YES;
				BUNDLE_LOADER = "$(TEST_HOST)";
				CODE_SIGN_STYLE = Automatic;
				CURRENT_PROJECT_VERSION = 1;
				DEVELOPMENT_TEAM = DQ7E72Z52H;
				GENERATE_INFOPLIST_FILE = YES;
				IPHONEOS_DEPLOYMENT_TARGET = 15.5;
				MARKETING_VERSION = 1.0;
				PRODUCT_BUNDLE_IDENTIFIER = Keval.CustomSearchControllerDemoTests;
				PRODUCT_NAME = "$(TARGET_NAME)";
				SWIFT_EMIT_LOC_STRINGS = NO;
				SWIFT_VERSION = 5.0;
				TARGETED_DEVICE_FAMILY = "1,2";
				TEST_HOST = "$(BUILT_PRODUCTS_DIR)/CustomSearchControllerDemo.app/CustomSearchControllerDemo";
			};
			name = Debug;
		};
		1F70F95228F81BAD0075F457 /* Release */ = {
			isa = XCBuildConfiguration;
			buildSettings = {
				ALWAYS_EMBED_SWIFT_STANDARD_LIBRARIES = YES;
				BUNDLE_LOADER = "$(TEST_HOST)";
				CODE_SIGN_STYLE = Automatic;
				CURRENT_PROJECT_VERSION = 1;
				DEVELOPMENT_TEAM = DQ7E72Z52H;
				GENERATE_INFOPLIST_FILE = YES;
				IPHONEOS_DEPLOYMENT_TARGET = 15.5;
				MARKETING_VERSION = 1.0;
				PRODUCT_BUNDLE_IDENTIFIER = Keval.CustomSearchControllerDemoTests;
				PRODUCT_NAME = "$(TARGET_NAME)";
				SWIFT_EMIT_LOC_STRINGS = NO;
				SWIFT_VERSION = 5.0;
				TARGETED_DEVICE_FAMILY = "1,2";
				TEST_HOST = "$(BUILT_PRODUCTS_DIR)/CustomSearchControllerDemo.app/CustomSearchControllerDemo";
			};
			name = Release;
		};
		1F70F95428F81BAD0075F457 /* Debug */ = {
			isa = XCBuildConfiguration;
			buildSettings = {
				ALWAYS_EMBED_SWIFT_STANDARD_LIBRARIES = YES;
				CODE_SIGN_STYLE = Automatic;
				CURRENT_PROJECT_VERSION = 1;
				DEVELOPMENT_TEAM = DQ7E72Z52H;
				GENERATE_INFOPLIST_FILE = YES;
				MARKETING_VERSION = 1.0;
				PRODUCT_BUNDLE_IDENTIFIER = Keval.CustomSearchControllerDemoUITests;
				PRODUCT_NAME = "$(TARGET_NAME)";
				SWIFT_EMIT_LOC_STRINGS = NO;
				SWIFT_VERSION = 5.0;
				TARGETED_DEVICE_FAMILY = "1,2";
				TEST_TARGET_NAME = CustomSearchControllerDemo;
			};
			name = Debug;
		};
		1F70F95528F81BAD0075F457 /* Release */ = {
			isa = XCBuildConfiguration;
			buildSettings = {
				ALWAYS_EMBED_SWIFT_STANDARD_LIBRARIES = YES;
				CODE_SIGN_STYLE = Automatic;
				CURRENT_PROJECT_VERSION = 1;
				DEVELOPMENT_TEAM = DQ7E72Z52H;
				GENERATE_INFOPLIST_FILE = YES;
				MARKETING_VERSION = 1.0;
				PRODUCT_BUNDLE_IDENTIFIER = Keval.CustomSearchControllerDemoUITests;
				PRODUCT_NAME = "$(TARGET_NAME)";
				SWIFT_EMIT_LOC_STRINGS = NO;
				SWIFT_VERSION = 5.0;
				TARGETED_DEVICE_FAMILY = "1,2";
				TEST_TARGET_NAME = CustomSearchControllerDemo;
			};
			name = Release;
		};
/* End XCBuildConfiguration section */

/* Begin XCConfigurationList section */
		1F70F91E28F81BAB0075F457 /* Build configuration list for PBXProject "CustomSearchControllerDemo" */ = {
			isa = XCConfigurationList;
			buildConfigurations = (
				1F70F94B28F81BAD0075F457 /* Debug */,
				1F70F94C28F81BAD0075F457 /* Release */,
			);
			defaultConfigurationIsVisible = 0;
			defaultConfigurationName = Release;
		};
		1F70F94D28F81BAD0075F457 /* Build configuration list for PBXNativeTarget "CustomSearchControllerDemo" */ = {
			isa = XCConfigurationList;
			buildConfigurations = (
				1F70F94E28F81BAD0075F457 /* Debug */,
				1F70F94F28F81BAD0075F457 /* Release */,
			);
			defaultConfigurationIsVisible = 0;
			defaultConfigurationName = Release;
		};
		1F70F95028F81BAD0075F457 /* Build configuration list for PBXNativeTarget "CustomSearchControllerDemoTests" */ = {
			isa = XCConfigurationList;
			buildConfigurations = (
				1F70F95128F81BAD0075F457 /* Debug */,
				1F70F95228F81BAD0075F457 /* Release */,
			);
			defaultConfigurationIsVisible = 0;
			defaultConfigurationName = Release;
		};
		1F70F95328F81BAD0075F457 /* Build configuration list for PBXNativeTarget "CustomSearchControllerDemoUITests" */ = {
			isa = XCConfigurationList;
			buildConfigurations = (
				1F70F95428F81BAD0075F457 /* Debug */,
				1F70F95528F81BAD0075F457 /* Release */,
			);
			defaultConfigurationIsVisible = 0;
			defaultConfigurationName = Release;
		};
/* End XCConfigurationList section */

/* Begin XCRemoteSwiftPackageReference section */
		1F596C5428F84795003EFADD /* XCRemoteSwiftPackageReference "CustomSearchController" */ = {
			isa = XCRemoteSwiftPackageReference;
			repositoryURL = "https://github.com/kevalvadoliya/CustomSearchController.git";
			requirement = {
				branch = main;
				kind = branch;
			};
		};
/* End XCRemoteSwiftPackageReference section */

/* Begin XCSwiftPackageProductDependency section */
		1F596C5528F84795003EFADD /* CustomSearchController */ = {
			isa = XCSwiftPackageProductDependency;
			package = 1F596C5428F84795003EFADD /* XCRemoteSwiftPackageReference "CustomSearchController" */;
			productName = CustomSearchController;
		};
/* End XCSwiftPackageProductDependency section */
	};
	rootObject = 1F70F91B28F81BAB0075F457 /* Project object */;
}
