{
  "pins" : [
    {
      "identity" : "customsearchcontroller",
      "kind" : "remoteSourceControl",
      "location" : "https://github.com/kevalvadoliya/CustomSearchController.git",
      "state" : {
        "branch" : "main",
        "revision" : "cbfb3658d1673780a34f96ddb963e29691ff83ff"
      }
    }
  ],
  "version" : 2
}
