{
  "pins" : [
    {
      "identity" : "customsearchcontroller",
      "kind" : "remoteSourceControl",
      "location" : "https://github.com/kevalvadoliya/CustomSearchController.git",
      "state" : {
        "branch" : "main",
        "revision" : "153ee3c5a5aecb7c22cf74b700d0fdaedcde6581"
      }
    }
  ],
  "version" : 2
}
